
Microsoft Visual Studio Solution File, Format Version 12.00
# Visual Studio Version 17
VisualStudioVersion = 17.0.32014.148
MinimumVisualStudioVersion = 10.0.40219.1
Project("{FAE04EC0-301F-11D3-BF4B-00C04F79EFBC}") = "Chat.Server", "Chat.Server\Chat.Server.csproj", "{B099902B-868E-41AC-9663-D33D2CEF5FCD}"
EndProject
Global
	GlobalSection(SolutionConfigurationPlatforms) = preSolution
		Debug|Any CPU = Debug|Any CPU
		Release|Any CPU = Release|Any CPU
	EndGlobalSection
	GlobalSection(ProjectConfigurationPlatforms) = postSolution
		{B099902B-868E-41AC-9663-D33D2CEF5FCD}.Debug|Any CPU.ActiveCfg = Debug|Any CPU
		{B099902B-868E-41AC-9663-D33D2CEF5FCD}.Debug|Any CPU.Build.0 = Debug|Any CPU
		{B099902B-868E-41AC-9663-D33D2CEF5FCD}.Release|Any CPU.ActiveCfg = Release|Any CPU
		{B099902B-868E-41AC-9663-D33D2CEF5FCD}.Release|Any CPU.Build.0 = Release|Any CPU
	EndGlobalSection
	GlobalSection(SolutionProperties) = preSolution
		HideSolutionNode = FALSE
	EndGlobalSection
	GlobalSection(ExtensibilityGlobals) = postSolution
		SolutionGuid = {30351054-D88C-4E6B-90A4-A44486B9B4D7}
	EndGlobalSection
EndGlobal
